
Microsoft Visual Studio Solution File, Format Version 12.00
# Visual Studio Version 16
VisualStudioVersion = 16.0.29509.3
MinimumVisualStudioVersion = 10.0.40219.1
Project("{FAE04EC0-301F-11D3-BF4B-00C04F79EFBC}") = "4 lab", "4 lab.csproj", "{0E96BC1F-61CE-4D63-B13D-3D475D5FDA67}"
EndProject
Global
	GlobalSection(SolutionConfigurationPlatforms) = preSolution
		Debug|Any CPU = Debug|Any CPU
		Release|Any CPU = Release|Any CPU
	EndGlobalSection
	GlobalSection(ProjectConfigurationPlatforms) = postSolution
		{0E96BC1F-61CE-4D63-B13D-3D475D5FDA67}.Debug|Any CPU.ActiveCfg = Debug|Any CPU
		{0E96BC1F-61CE-4D63-B13D-3D475D5FDA67}.Debug|Any CPU.Build.0 = Debug|Any CPU
		{0E96BC1F-61CE-4D63-B13D-3D475D5FDA67}.Release|Any CPU.ActiveCfg = Release|Any CPU
		{0E96BC1F-61CE-4D63-B13D-3D475D5FDA67}.Release|Any CPU.Build.0 = Release|Any CPU
	EndGlobalSection
	GlobalSection(SolutionProperties) = preSolution
		HideSolutionNode = FALSE
	EndGlobalSection
	GlobalSection(ExtensibilityGlobals) = postSolution
		SolutionGuid = {CBBA52E0-60C2-4FBB-ABB1-39548BF90B43}
	EndGlobalSection
EndGlobal
